
Microsoft Visual Studio Solution File, Format Version 12.00
# Visual Studio Version 17
VisualStudioVersion = 17.7.34031.279
MinimumVisualStudioVersion = 10.0.40219.1
Project("{9A19103F-16F7-4668-BE54-9A1E7A4F7556}") = "NaijaCart.Api", "NaijaCartApi\NaijaCart.Api.csproj", "{EEDDFAFA-4EBC-4820-9B63-7EA59F47758B}"
EndProject
Global
	GlobalSection(SolutionConfigurationPlatforms) = preSolution
		Debug|Any CPU = Debug|Any CPU
		Release|Any CPU = Release|Any CPU
	EndGlobalSection
	GlobalSection(ProjectConfigurationPlatforms) = postSolution
		{EEDDFAFA-4EBC-4820-9B63-7EA59F47758B}.Debug|Any CPU.ActiveCfg = Debug|Any CPU
		{EEDDFAFA-4EBC-4820-9B63-7EA59F47758B}.Debug|Any CPU.Build.0 = Debug|Any CPU
		{EEDDFAFA-4EBC-4820-9B63-7EA59F47758B}.Release|Any CPU.ActiveCfg = Release|Any CPU
		{EEDDFAFA-4EBC-4820-9B63-7EA59F47758B}.Release|Any CPU.Build.0 = Release|Any CPU
	EndGlobalSection
	GlobalSection(SolutionProperties) = preSolution
		HideSolutionNode = FALSE
	EndGlobalSection
	GlobalSection(ExtensibilityGlobals) = postSolution
		SolutionGuid = {01535CE4-64C6-4D4C-B454-B7DFF2412DF1}
	EndGlobalSection
EndGlobal
